
Microsoft Visual Studio Solution File, Format Version 12.00
# Visual Studio Version 17
VisualStudioVersion = 17.13.35919.96 d17.13
MinimumVisualStudioVersion = 10.0.40219.1
Project("{FAE04EC0-301F-11D3-BF4B-00C04F79EFBC}") = "TestFramework", "TestFramework.csproj", "{46EF0E5E-FEB3-4F4C-8CEE-F384C345AB8C}"
EndProject
Global
	GlobalSection(SolutionConfigurationPlatforms) = preSolution
		Debug|Any CPU = Debug|Any CPU
		Release|Any CPU = Release|Any CPU
	EndGlobalSection
	GlobalSection(ProjectConfigurationPlatforms) = postSolution
		{46EF0E5E-FEB3-4F4C-8CEE-F384C345AB8C}.Debug|Any CPU.ActiveCfg = Debug|Any CPU
		{46EF0E5E-FEB3-4F4C-8CEE-F384C345AB8C}.Debug|Any CPU.Build.0 = Debug|Any CPU
		{46EF0E5E-FEB3-4F4C-8CEE-F384C345AB8C}.Release|Any CPU.ActiveCfg = Release|Any CPU
		{46EF0E5E-FEB3-4F4C-8CEE-F384C345AB8C}.Release|Any CPU.Build.0 = Release|Any CPU
	EndGlobalSection
	GlobalSection(SolutionProperties) = preSolution
		HideSolutionNode = FALSE
	EndGlobalSection
	GlobalSection(ExtensibilityGlobals) = postSolution
		SolutionGuid = {9014C908-93B2-46DA-B87E-E26FFFDFBAD8}
	EndGlobalSection
EndGlobal
